{
  "lockfileVersion": 1,
  "workspaces": {
    "": {
      "name": "edumfa-ui",
      "dependencies": {
        "angular": "1.8.3",
        "angular-gettext": "2.4.2",
        "angular-hotkeys": "1.7.0",
        "angular-inform": "0.0.19",
        "angular-sanitize": "1.8.3",
        "angular-ui-bootstrap": "2.5.6",
        "angular-ui-router": "1.0.30",
        "bootstrap": "3.4.1",
        "isteven-angular-multiselect": "4.0.0",
        "jquery": "3.7.1",
        "ng-file-upload": "12.2.13",
        "ng-idle": "1.3.2",
      },
      "devDependencies": {
        "grunt-angular-gettext": "^2.5.3",
        "grunt-cli": "^1.5.0",
        "grunt-init": "^0.3.2",
      },
    },
  },
  "packages": {
    "@babel/helper-string-parser": ["@babel/helper-string-parser@7.27.1", "", {}, "sha512-qMlSxKbpRlAridDExk92nSobyDdpPijUq2DW6oDnUqd0iOGxmQjyqhMIihI9+zv4LPyZdRje2cavWPbCbWm3eA=="],

    "@babel/helper-validator-identifier": ["@babel/helper-validator-identifier@7.28.5", "", {}, "sha512-qSs4ifwzKJSV39ucNjsvc6WVHs6b7S03sOh2OcHF9UHfVPqWWALUsNUVzhSBiItjRZoLHx7nIarVjqKVusUZ1Q=="],

    "@babel/parser": ["@babel/parser@7.28.5", "", { "dependencies": { "@babel/types": "^7.28.5" }, "bin": "./bin/babel-parser.js" }, "sha512-KKBU1VGYR7ORr3At5HAtUQ+TV3SzRCXmA/8OdDZiLDBIZxVyzXuztPjfLd3BV1PRAQGCMWWSHYhL0F8d5uHBDQ=="],

    "@babel/types": ["@babel/types@7.28.5", "", { "dependencies": { "@babel/helper-string-parser": "^7.27.1", "@babel/helper-validator-identifier": "^7.28.5" } }, "sha512-qQ5m48eI/MFLQ5PxQj4PFaprjyCTLI37ElWMmNs0K8Lk3dVeOdNpB3ks8jc7yM5CDmVC73eMVk/trk3fgmrUpA=="],

    "@uirouter/core": ["@uirouter/core@6.0.8", "", {}, "sha512-Gc/BAW47i4L54p8dqYCJJZuv2s3tqlXQ0fvl6Zp2xrblELPVfxmjnc0eurx3XwfQdaqm3T6uls6tQKkof/4QMw=="],

    "abbrev": ["abbrev@1.1.1", "", {}, "sha512-nne9/IiQ/hzIhY6pdDnbBtz7DjPTKrY00P/zvPSm5pOFkl6xuGrGnXn/VtTNNfNtAfZ9/1RtehkszU9qcTii0Q=="],

    "angular": ["angular@1.8.3", "", {}, "sha512-5qjkWIQQVsHj4Sb5TcEs4WZWpFeVFHXwxEBHUhrny41D8UrBAd6T/6nPPAsLngJCReIOqi95W3mxdveveutpZw=="],

    "angular-gettext": ["angular-gettext@2.4.2", "", {}, "sha512-J9Zy76VmN5otw6GyIqJjoLjl+0wwsZSCUPgPfQwM4Mx//hP3leqyS/fgf2MDiMLLyKgoHWkMMzzWbP4iH3+5vQ=="],

    "angular-gettext-tools": ["angular-gettext-tools@2.5.3", "", { "dependencies": { "@babel/parser": "^7.4.3", "binary-search": "^1.2.0", "cheerio": "^0.22.0", "lodash": "^4.17.5", "pofile": "~1.0.0" } }, "sha512-/SyBMhPwMSoasZRXfMkXsKxaAHkDHHaFr3jAMqPuh3wGNJ8s9LfHKOGzcM0FW2mGIotmF1CRoWKgUIHMCwUYcg=="],

    "angular-hotkeys": ["angular-hotkeys@1.7.0", "", {}, "sha512-yw4BYutP4fVbnG8Yssuyo2DqAch+wGhSpdX7C1PURjHQzbyXPq/hNM1QupxHor0nwYcHy+57Tb1tzgngTrd+SA=="],

    "angular-inform": ["angular-inform@0.0.19", "", {}, "sha512-C0IXADTpaGVytFJgcDf7nquvBkypiHT3BoAaj+GOkeycBmetjNwtZ3jASn+aJaatfTmvQPTsLS1dFZqPfGdAhQ=="],

    "angular-sanitize": ["angular-sanitize@1.8.3", "", {}, "sha512-2rxdqzlUVafUeWOwvY/FtyWk1pFTyCtzreeiTytG9m4smpuAEKaIJAjYeVwWsoV+nlTOcgpwV4W1OCmR+BQbUg=="],

    "angular-ui-bootstrap": ["angular-ui-bootstrap@2.5.6", "", {}, "sha512-yzcHpPMLQl0232nDzm5P4iAFTFQ9dMw0QgFLuKYbDj9M0xJ62z0oudYD/Lvh1pWfRsukiytP4Xj6BHOSrSXP8A=="],

    "angular-ui-router": ["angular-ui-router@1.0.30", "", { "dependencies": { "@uirouter/core": "6.0.8" }, "peerDependencies": { "angular": ">=1.2.0" } }, "sha512-8xMpxbOtCJbRnGR1fhbyZ5BhFXr3zs1L2ytXQiBACTJjot309QNFFCaWx0lDM2eVXp8qte4idigU9gwWdspmtQ=="],

    "argparse": ["argparse@0.1.16", "", { "dependencies": { "underscore": "~1.7.0", "underscore.string": "~2.4.0" } }, "sha512-LjmC2dNpdn2L4UzyoaIr11ELYoLn37ZFy9zObrQFHsSuOepeUEMKnM8w5KL4Tnrp2gy88rRuQt6Ky8Bjml+Baw=="],

    "array-each": ["array-each@1.0.1", "", {}, "sha512-zHjL5SZa68hkKHBFBK6DJCTtr9sfTCPCaph/L7tMSLcTFgy+zX7E+6q5UArbtOtMBCtxdICpfTCspRse+ywyXA=="],

    "array-slice": ["array-slice@1.1.0", "", {}, "sha512-B1qMD3RBP7O8o0H2KbrXDyB0IccejMF15+87Lvlor12ONPRHP6gTjXMNkt/d3ZuOGbAe66hFmaCfECI24Ufp6w=="],

    "async": ["async@0.2.10", "", {}, "sha512-eAkdoKxU6/LkKDBzLpT+t6Ff5EtfSF4wx1WfJiPEEV7WNLnDaRXk0oVysiEPm262roaachGexwUv94WhSgN5TQ=="],

    "binary-search": ["binary-search@1.3.6", "", {}, "sha512-nbE1WxOTTrUWIfsfZ4aHGYu5DOuNkbxGokjV6Z2kxfJK3uaAb8zNK1muzOeipoLHZjInT4Br88BHpzevc681xA=="],

    "boolbase": ["boolbase@1.0.0", "", {}, "sha512-JZOSA7Mo9sNGB8+UjSgzdLtokWAky1zbztM3WRLCbZ70/3cTANmQmOdR7y2g+J0e2WXywy1yS468tY+IruqEww=="],

    "bootstrap": ["bootstrap@3.4.1", "", {}, "sha512-yN5oZVmRCwe5aKwzRj6736nSmKDX7pLYwsXiCj/EYmo16hODaBiT4En5btW/jhBF/seV+XMx3aYwukYC3A49DA=="],

    "braces": ["braces@3.0.3", "", { "dependencies": { "fill-range": "^7.1.1" } }, "sha512-yQbXgO/OSZVD2IsiLlro+7Hf6Q18EJrKSEsdoMzKePKXct3gvD8oLcOQdIzGupr5Fj+EDe8gO/lxc1BzfMpxvA=="],

    "cheerio": ["cheerio@0.22.0", "", { "dependencies": { "css-select": "~1.2.0", "dom-serializer": "~0.1.0", "entities": "~1.1.1", "htmlparser2": "^3.9.1", "lodash.assignin": "^4.0.9", "lodash.bind": "^4.1.4", "lodash.defaults": "^4.0.1", "lodash.filter": "^4.4.0", "lodash.flatten": "^4.2.0", "lodash.foreach": "^4.3.0", "lodash.map": "^4.4.0", "lodash.merge": "^4.4.0", "lodash.pick": "^4.2.1", "lodash.reduce": "^4.4.0", "lodash.reject": "^4.4.0", "lodash.some": "^4.4.0" } }, "sha512-8/MzidM6G/TgRelkzDG13y3Y9LxBjCb+8yOEZ9+wwq5gVF2w2pV0wmHvjfT0RvuxGyR7UEuK36r+yYMbT4uKgA=="],

    "coffee-script": ["coffee-script@1.3.3", "", { "bin": { "coffee": "./bin/coffee", "cake": "./bin/cake" } }, "sha512-QjQ1T4BqyHv19k6XSfdhy/QLlIOhywz0ekBUCa9h71zYMJlfDTGan/Z1JXzYkZ6v8R+GhvL/p4FZPbPW8WNXlg=="],

    "colors": ["colors@0.6.2", "", {}, "sha512-OsSVtHK8Ir8r3+Fxw/b4jS1ZLPXkV6ZxDRJQzeD7qo0SqMXWrHDM71DgYzPMHY8SFJ0Ao+nNU2p1MmwdzKqPrw=="],

    "css-select": ["css-select@1.2.0", "", { "dependencies": { "boolbase": "~1.0.0", "css-what": "2.1", "domutils": "1.5.1", "nth-check": "~1.0.1" } }, "sha512-dUQOBoqdR7QwV90WysXPLXG5LO7nhYBgiWVfxF80DKPF8zx1t/pUd2FYy73emg3zrjtM6dzmYgbHKfV2rxiHQA=="],

    "css-what": ["css-what@2.1.3", "", {}, "sha512-a+EPoD+uZiNfh+5fxw2nO9QwFa6nJe2Or35fGY6Ipw1R3R4AGz1d1TEZrCegvw2YTmZ0jXirGYlzxxpYSHwpEg=="],

    "dateformat": ["dateformat@1.0.2-1.2.3", "", {}, "sha512-AXvW8g7tO4ilk5HgOWeDmPi/ZPaCnMJ+9Cg1I3p19w6mcvAAXBuuGEXAxybC+Djj1PSZUiHUcyoYu7WneCX8gQ=="],

    "detect-file": ["detect-file@1.0.0", "", {}, "sha512-DtCOLG98P007x7wiiOmfI0fi3eIKyWiLTGJ2MDnVi/E04lWGbf+JzrRHMm0rgIIZJGtHpKpbVgLWHrv8xXpc3Q=="],

    "dom-serializer": ["dom-serializer@0.1.1", "", { "dependencies": { "domelementtype": "^1.3.0", "entities": "^1.1.1" } }, "sha512-l0IU0pPzLWSHBcieZbpOKgkIn3ts3vAh7ZuFyXNwJxJXk/c4Gwj9xaTJwIDVQCXawWD0qb3IzMGH5rglQaO0XA=="],

    "domelementtype": ["domelementtype@1.3.1", "", {}, "sha512-BSKB+TSpMpFI/HOxCNr1O8aMOTZ8hT3pM3GQ0w/mWRmkhEDSFJkkyzz4XQsBV44BChwGkrDfMyjVD0eA2aFV3w=="],

    "domhandler": ["domhandler@2.4.2", "", { "dependencies": { "domelementtype": "1" } }, "sha512-JiK04h0Ht5u/80fdLMCEmV4zkNh2BcoMFBmZ/91WtYZ8qVXSKjiw7fXMgFPnHcSZgOo3XdinHvmnDUeMf5R4wA=="],

    "domutils": ["domutils@1.5.1", "", { "dependencies": { "dom-serializer": "0", "domelementtype": "1" } }, "sha512-gSu5Oi/I+3wDENBsOWBiRK1eoGxcywYSqg3rR960/+EfY0CF4EX1VPkgHOZ3WiS/Jg2DtliF6BhWcHlfpYUcGw=="],

    "entities": ["entities@1.1.2", "", {}, "sha512-f2LZMYl1Fzu7YSBKg+RoROelpOaNrcGmE9AZubeDfrCEia483oW4MI4VyFd5VNHIgQ/7qm1I0wUHK1eJnn2y2w=="],

    "esprima": ["esprima@1.0.4", "", { "bin": { "esparse": "./bin/esparse.js", "esvalidate": "./bin/esvalidate.js" } }, "sha512-rp5dMKN8zEs9dfi9g0X1ClLmV//WRyk/R15mppFNICIFRG5P92VP7Z04p8pk++gABo9W2tY+kHyu6P1mEHgmTA=="],

    "eventemitter2": ["eventemitter2@0.4.14", "", {}, "sha512-K7J4xq5xAD5jHsGM5ReWXRTFa3JRGofHiMcVgQ8PRwgWxzjHpMWCIzsmyf60+mh8KLsqYPcjUMa0AC4hd6lPyQ=="],

    "exit": ["exit@0.1.2", "", {}, "sha512-Zk/eNKV2zbjpKzrsQ+n1G6poVbErQxJ0LBOJXaKZ1EViLzH+hrLu9cdXI4zw9dBQJslwBEpbQ2P1oS7nDxs6jQ=="],

    "expand-tilde": ["expand-tilde@2.0.2", "", { "dependencies": { "homedir-polyfill": "^1.0.1" } }, "sha512-A5EmesHW6rfnZ9ysHQjPdJRni0SRar0tjtG5MNtm9n5TUvsYU8oozprtRD4AqHxcZWWlVuAmQo2nWKfN9oyjTw=="],

    "extend": ["extend@3.0.2", "", {}, "sha512-fjquC59cD7CyW6urNXK0FBufkZcoiGG80wTuPujX590cB5Ttln20E2UB4S/WARVqhXffZl2LNgS+gQdPIIim/g=="],

    "eyes": ["eyes@0.1.8", "", {}, "sha512-GipyPsXO1anza0AOZdy69Im7hGFCNB7Y/NGjDlZGJ3GJJLtwNSb2vrzYrTYJRrRloVx7pl+bhUaTB8yiccPvFQ=="],

    "fill-range": ["fill-range@7.1.1", "", { "dependencies": { "to-regex-range": "^5.0.1" } }, "sha512-YsGpe3WHLK8ZYi4tWDg2Jy3ebRz2rXowDxnld4bkQB00cc/1Zw9AWnC0i9ztDJitivtQvaI9KaLyKrc+hBW0yg=="],

    "findup-sync": ["findup-sync@0.1.3", "", { "dependencies": { "glob": "~3.2.9", "lodash": "~2.4.1" } }, "sha512-yjftfYnF4ThYEvKEV/kEFR15dmtyXTAh3vQnzpJUoc7Naj5y1P0Ck7Zs1+Vroa00E3KT3IYsk756S+8WA5dNLw=="],

    "fined": ["fined@1.2.0", "", { "dependencies": { "expand-tilde": "^2.0.2", "is-plain-object": "^2.0.3", "object.defaults": "^1.1.0", "object.pick": "^1.2.0", "parse-filepath": "^1.0.1" } }, "sha512-ZYDqPLGxDkDhDZBjZBb+oD1+j0rA4E0pXY50eplAAOPg2N/gUBSSk5IM1/QhPfyVo19lJ+CvXpqfvk+b2p/8Ng=="],

    "flagged-respawn": ["flagged-respawn@1.0.1", "", {}, "sha512-lNaHNVymajmk0OJMBn8fVUAU1BtDeKIqKoVhk4xAALB57aALg6b4W0MfJ/cUE0g9YBXy5XhSlPIpYIJ7HaY/3Q=="],

    "for-in": ["for-in@1.0.2", "", {}, "sha512-7EwmXrOjyL+ChxMhmG5lnW9MPt1aIeZEwKhQzoBUdTV0N3zuwWDZYVJatDvZ2OyzPUvdIAZDsCetk3coyMfcnQ=="],

    "for-own": ["for-own@1.0.0", "", { "dependencies": { "for-in": "^1.0.1" } }, "sha512-0OABksIGrxKK8K4kynWkQ7y1zounQxP+CWnyclVwj81KW3vlLlGUx57DKGcP/LH216GzqnstnPocF16Nxs0Ycg=="],

    "function-bind": ["function-bind@1.1.2", "", {}, "sha512-7XHNxH7qX9xG5mIwxkhumTox/MIRNcOgDrxWsMt2pAr23WHp6MrRlN7FBSFpCpr+oVO0F744iUgR82nJMfG2SA=="],

    "getobject": ["getobject@0.1.0", "", {}, "sha512-hIGEBfnHcZpWkXPsAVeVmpYDvfy/matVl03yOY91FPmnpCC12Lm5izNxCjO3lHAeO6uaTwMxu7g450Siknlhig=="],

    "glob": ["glob@3.1.21", "", { "dependencies": { "graceful-fs": "~1.2.0", "inherits": "1", "minimatch": "~0.2.11" } }, "sha512-ANhy2V2+tFpRajE3wN4DhkNQ08KDr0Ir1qL12/cUe5+a7STEK8jkW4onUYuY8/06qAFuT5je7mjAqzx0eKI2tQ=="],

    "global-modules": ["global-modules@1.0.0", "", { "dependencies": { "global-prefix": "^1.0.1", "is-windows": "^1.0.1", "resolve-dir": "^1.0.0" } }, "sha512-sKzpEkf11GpOFuw0Zzjzmt4B4UZwjOcG757PPvrfhxcLFbq0wpsgpOqxpxtxFiCG4DtG93M6XRVbF2oGdev7bg=="],

    "global-prefix": ["global-prefix@1.0.2", "", { "dependencies": { "expand-tilde": "^2.0.2", "homedir-polyfill": "^1.0.1", "ini": "^1.3.4", "is-windows": "^1.0.1", "which": "^1.2.14" } }, "sha512-5lsx1NUDHtSjfg0eHlmYvZKv8/nVqX4ckFbM+FrGcQ+04KWcWFo9P5MxPZYSzUvyzmdTbI7Eix8Q4IbELDqzKg=="],

    "graceful-fs": ["graceful-fs@1.2.3", "", {}, "sha512-iiTUZ5vZ+2ZV+h71XAgwCSu6+NAizhFU3Yw8aC/hH5SQ3SnISqEqAek40imAFGtDcwJKNhXvSY+hzIolnLwcdQ=="],

    "grunt": ["grunt@0.4.5", "", { "dependencies": { "async": "~0.1.22", "coffee-script": "~1.3.3", "colors": "~0.6.2", "dateformat": "1.0.2-1.2.3", "eventemitter2": "~0.4.13", "exit": "~0.1.1", "findup-sync": "~0.1.2", "getobject": "~0.1.0", "glob": "~3.1.21", "grunt-legacy-log": "~0.1.0", "grunt-legacy-util": "~0.2.0", "hooker": "~0.2.3", "iconv-lite": "~0.2.11", "js-yaml": "~2.0.5", "lodash": "~0.9.2", "minimatch": "~0.2.12", "nopt": "~1.0.10", "rimraf": "~2.2.8", "underscore.string": "~2.2.1", "which": "~1.0.5" } }, "sha512-1iq3ylLjzXqz/KSq1OAE2qhnpcbkF2WyhsQcavZt+YmgvHu0EbPMEhGhy2gr0FP67isHpRdfwjB5WVeXXcJemQ=="],

    "grunt-angular-gettext": ["grunt-angular-gettext@2.5.3", "", { "dependencies": { "angular-gettext-tools": "~2.5.3" }, "peerDependencies": { "grunt": ">=0.4.1" } }, "sha512-PEJvkZHifk6Qi7+Y6vIAtjdUII6EhhDXLaAOb7pZzyx0B1+8HUSbseM/e0lmJW1/sRe749qzrtluBNM6/VowFQ=="],

    "grunt-cli": ["grunt-cli@1.5.0", "", { "dependencies": { "grunt-known-options": "~2.0.0", "interpret": "~1.1.0", "liftup": "~3.0.1", "nopt": "~5.0.0", "v8flags": "^4.0.1" }, "bin": { "grunt": "bin/grunt" } }, "sha512-rILKAFoU0dzlf22SUfDtq2R1fosChXXlJM5j7wI6uoW8gwmXDXzbUvirlKZSYCdXl3LXFbR+8xyS+WFo+b6vlA=="],

    "grunt-init": ["grunt-init@0.3.2", "", { "dependencies": { "async": "~0.2.10", "colors": "~0.6.0-1", "grunt": "~0.4.0", "hooker": "~0.2.3", "lodash": "~2.4.1", "prompt": "~0.1.12", "semver": "~1.0.14" }, "bin": { "grunt-init": "bin/grunt-init" } }, "sha512-Tws0+9Cr7lJH3h0VgYLnmilEX9ofLl4Lzs9p1pJY/SE65c8B09KK38Ylfi2VlmRU7CubD2xOAlzLUfsSWufB4Q=="],

    "grunt-known-options": ["grunt-known-options@2.0.0", "", {}, "sha512-GD7cTz0I4SAede1/+pAbmJRG44zFLPipVtdL9o3vqx9IEyb7b4/Y3s7r6ofI3CchR5GvYJ+8buCSioDv5dQLiA=="],

    "grunt-legacy-log": ["grunt-legacy-log@0.1.3", "", { "dependencies": { "colors": "~0.6.2", "grunt-legacy-log-utils": "~0.1.1", "hooker": "~0.2.3", "lodash": "~2.4.1", "underscore.string": "~2.3.3" } }, "sha512-qYs/uM0ImdzwIXLhS4O5WLV5soAM+PEqqHI/hzSxlo450ERSccEhnXqoeDA9ZozOdaWuYnzTOTwRcVRogleMxg=="],

    "grunt-legacy-log-utils": ["grunt-legacy-log-utils@0.1.1", "", { "dependencies": { "colors": "~0.6.2", "lodash": "~2.4.1", "underscore.string": "~2.3.3" } }, "sha512-D0vbUX00TFYCKNZtcZzemMpwT8TR/FdRs1pmfiBw6qnUw80PfsjV+lhIozY/3eJ3PSG2zj89wd2mH/7f4tNAlw=="],

    "grunt-legacy-util": ["grunt-legacy-util@0.2.0", "", { "dependencies": { "async": "~0.1.22", "exit": "~0.1.1", "getobject": "~0.1.0", "hooker": "~0.2.3", "lodash": "~0.9.2", "underscore.string": "~2.2.1", "which": "~1.0.5" } }, "sha512-cXPbfF8aM+pvveQeN1K872D5fRm30xfJWZiS63Y8W8oyIPLClCsmI8bW96Txqzac9cyL4lRqEBhbhJ3n5EzUUQ=="],

    "hasown": ["hasown@2.0.2", "", { "dependencies": { "function-bind": "^1.1.2" } }, "sha512-0hJU9SCPvmMzIBdZFqNPXWa6dqh7WdH0cII9y+CyS8rG3nL48Bclra9HmKhVVUHyPWNH5Y7xDwAB7bfgSjkUMQ=="],

    "homedir-polyfill": ["homedir-polyfill@1.0.3", "", { "dependencies": { "parse-passwd": "^1.0.0" } }, "sha512-eSmmWE5bZTK2Nou4g0AI3zZ9rswp7GRKoKXS1BLUkvPviOqs4YTN1djQIqrXy9k5gEtdLPy86JjRwsNM9tnDcA=="],

    "hooker": ["hooker@0.2.3", "", {}, "sha512-t+UerCsQviSymAInD01Pw+Dn/usmz1sRO+3Zk1+lx8eg+WKpD2ulcwWqHHL0+aseRBr+3+vIhiG1K1JTwaIcTA=="],

    "htmlparser2": ["htmlparser2@3.10.1", "", { "dependencies": { "domelementtype": "^1.3.1", "domhandler": "^2.3.0", "domutils": "^1.5.1", "entities": "^1.1.1", "inherits": "^2.0.1", "readable-stream": "^3.1.1" } }, "sha512-IgieNijUMbkDovyoKObU1DUhm1iwNYE/fuifEoEHfd1oZKZDaONBSkal7Y01shxsM49R4XaMdGez3WnF9UfiCQ=="],

    "iconv-lite": ["iconv-lite@0.2.11", "", {}, "sha512-KhmFWgaQZY83Cbhi+ADInoUQ8Etn6BG5fikM9syeOjQltvR45h7cRKJ/9uvQEuD61I3Uju77yYce0/LhKVClQw=="],

    "inherits": ["inherits@1.0.2", "", {}, "sha512-Al67oatbRSo3RV5hRqIoln6Y5yMVbJSIn4jEJNL7VCImzq/kLr7vvb6sFRJXqr8rpHc/2kJOM+y0sPKN47VdzA=="],

    "ini": ["ini@1.3.8", "", {}, "sha512-JV/yugV2uzW5iMRSiZAyDtQd+nxtUnjeLt0acNdw98kKLrvuRVyB80tsREOE7yvGVgalhZ6RNXCmEHkUKBKxew=="],

    "interpret": ["interpret@1.1.0", "", {}, "sha512-CLM8SNMDu7C5psFCn6Wg/tgpj/bKAg7hc2gWqcuR9OD5Ft9PhBpIu8PLicPeis+xDd6YX2ncI8MCA64I9tftIA=="],

    "is-absolute": ["is-absolute@1.0.0", "", { "dependencies": { "is-relative": "^1.0.0", "is-windows": "^1.0.1" } }, "sha512-dOWoqflvcydARa360Gvv18DZ/gRuHKi2NU/wU5X1ZFzdYfH29nkiNZsF3mp4OJ3H4yo9Mx8A/uAGNzpzPN3yBA=="],

    "is-core-module": ["is-core-module@2.16.1", "", { "dependencies": { "hasown": "^2.0.2" } }, "sha512-UfoeMA6fIJ8wTYFEUjelnaGI67v6+N7qXJEvQuIGa99l4xsCruSYOVSQ0uPANn4dAzm8lkYPaKLrrijLq7x23w=="],

    "is-extglob": ["is-extglob@2.1.1", "", {}, "sha512-SbKbANkN603Vi4jEZv49LeVJMn4yGwsbzZworEoyEiutsN3nJYdbO36zfhGJ6QEDpOZIFkDtnq5JRxmvl3jsoQ=="],

    "is-glob": ["is-glob@4.0.3", "", { "dependencies": { "is-extglob": "^2.1.1" } }, "sha512-xelSayHH36ZgE7ZWhli7pW34hNbNl8Ojv5KVmkJD4hBdD3th8Tfk9vYasLM+mXWOZhFkgZfxhLSnrwRr4elSSg=="],

    "is-number": ["is-number@7.0.0", "", {}, "sha512-41Cifkg6e8TylSpdtTpeLVMqvSBEVzTttHvERD741+pnZ8ANv0004MRL43QKPDlK9cGvNp6NZWZUBlbGXYxxng=="],

    "is-plain-object": ["is-plain-object@2.0.4", "", { "dependencies": { "isobject": "^3.0.1" } }, "sha512-h5PpgXkWitc38BBMYawTYMWJHFZJVnBquFE57xFpjB8pJFiF6gZ+bU+WyI/yqXiFR5mdLsgYNaPe8uao6Uv9Og=="],

    "is-relative": ["is-relative@1.0.0", "", { "dependencies": { "is-unc-path": "^1.0.0" } }, "sha512-Kw/ReK0iqwKeu0MITLFuj0jbPAmEiOsIwyIXvvbfa6QfmN9pkD1M+8pdk7Rl/dTKbH34/XBFMbgD4iMJhLQbGA=="],

    "is-unc-path": ["is-unc-path@1.0.0", "", { "dependencies": { "unc-path-regex": "^0.1.2" } }, "sha512-mrGpVd0fs7WWLfVsStvgF6iEJnbjDFZh9/emhRDcGWTduTfNHd9CHeUwH3gYIjdbwo4On6hunkztwOaAw0yllQ=="],

    "is-windows": ["is-windows@1.0.2", "", {}, "sha512-eXK1UInq2bPmjyX6e3VHIzMLobc4J94i4AWn+Hpq3OU5KkrRC96OAcR3PRJ/pGu6m8TRnBHP9dkXQVsT/COVIA=="],

    "isexe": ["isexe@2.0.0", "", {}, "sha512-RHxMLp9lnKHGHRng9QFhRCMbYAcVpn69smSGcq3f36xjgVVWThj4qqLbTLlq7Ssj8B+fIQ1EuCEGI2lKsyQeIw=="],

    "isobject": ["isobject@3.0.1", "", {}, "sha512-WhB9zCku7EGTj/HQQRz5aUQEUeoQZH2bWcltRErOpymJ4boYE6wL9Tbr23krRPSZ+C5zqNSrSw+Cc7sZZ4b7vg=="],

    "isteven-angular-multiselect": ["isteven-angular-multiselect@4.0.0", "", {}, "sha512-r6K4//AET37IOK7SsXMJW5/v1tdUuj8mSyyTp6Ixx0x8/6dyH0o9uf2sYTw0OqBM3lZ5ffUcbrW3P1G8/CAfxQ=="],

    "jquery": ["jquery@3.7.1", "", {}, "sha512-m4avr8yL8kmFN8psrbFFFmB/If14iN5o9nw/NgnnM+kybDJpRsAynV2BsfpTYrTRysYUdADVD7CkUUizgkpLfg=="],

    "js-yaml": ["js-yaml@2.0.5", "", { "dependencies": { "argparse": "~ 0.1.11", "esprima": "~ 1.0.2" }, "bin": { "js-yaml": "bin/js-yaml.js" } }, "sha512-VEKcIksckDBUhg2JS874xVouiPkywVUh4yyUmLCDe1Zg3bCd6M+F1eGPenPeHLc2XC8pp9G8bsuofK0NeEqRkA=="],

    "kind-of": ["kind-of@6.0.3", "", {}, "sha512-dcS1ul+9tmeD95T+x28/ehLgd9mENa3LsvDTtzm3vyBEO7RPptvAD+t44WVXaUjTBRcrpFeFlC8WCruUR456hw=="],

    "liftup": ["liftup@3.0.1", "", { "dependencies": { "extend": "^3.0.2", "findup-sync": "^4.0.0", "fined": "^1.2.0", "flagged-respawn": "^1.0.1", "is-plain-object": "^2.0.4", "object.map": "^1.0.1", "rechoir": "^0.7.0", "resolve": "^1.19.0" } }, "sha512-yRHaiQDizWSzoXk3APcA71eOI/UuhEkNN9DiW2Tt44mhYzX4joFoCZlxsSOF7RyeLlfqzFLQI1ngFq3ggMPhOw=="],

    "lodash": ["lodash@2.4.2", "", {}, "sha512-Kak1hi6/hYHGVPmdyiZijoQyz5x2iGVzs6w9GYB/HiXEtylY7tIoYEROMjvM1d9nXJqPOrG2MNPMn01bJ+S0Rw=="],

    "lodash.assignin": ["lodash.assignin@4.2.0", "", {}, "sha512-yX/rx6d/UTVh7sSVWVSIMjfnz95evAgDFdb1ZozC35I9mSFCkmzptOzevxjgbQUsc78NR44LVHWjsoMQXy9FDg=="],

    "lodash.bind": ["lodash.bind@4.2.1", "", {}, "sha512-lxdsn7xxlCymgLYo1gGvVrfHmkjDiyqVv62FAeF2i5ta72BipE1SLxw8hPEPLhD4/247Ijw07UQH7Hq/chT5LA=="],

    "lodash.defaults": ["lodash.defaults@4.2.0", "", {}, "sha512-qjxPLHd3r5DnsdGacqOMU6pb/avJzdh9tFX2ymgoZE27BmjXrNy/y4LoaiTeAb+O3gL8AfpJGtqfX/ae2leYYQ=="],

    "lodash.filter": ["lodash.filter@4.6.0", "", {}, "sha512-pXYUy7PR8BCLwX5mgJ/aNtyOvuJTdZAo9EQFUvMIYugqmJxnrYaANvTbgndOzHSCSR0wnlBBfRXJL5SbWxo3FQ=="],

    "lodash.flatten": ["lodash.flatten@4.4.0", "", {}, "sha512-C5N2Z3DgnnKr0LOpv/hKCgKdb7ZZwafIrsesve6lmzvZIRZRGaZ/l6Q8+2W7NaT+ZwO3fFlSCzCzrDCFdJfZ4g=="],

    "lodash.foreach": ["lodash.foreach@4.5.0", "", {}, "sha512-aEXTF4d+m05rVOAUG3z4vZZ4xVexLKZGF0lIxuHZ1Hplpk/3B6Z1+/ICICYRLm7c41Z2xiejbkCkJoTlypoXhQ=="],

    "lodash.map": ["lodash.map@4.6.0", "", {}, "sha512-worNHGKLDetmcEYDvh2stPCrrQRkP20E4l0iIS7F8EvzMqBBi7ltvFN5m1HvTf1P7Jk1txKhvFcmYsCr8O2F1Q=="],

    "lodash.merge": ["lodash.merge@4.6.2", "", {}, "sha512-0KpjqXRVvrYyCsX1swR/XTK0va6VQkQM6MNo7PqW77ByjAhoARA8EfrP1N4+KlKj8YS0ZUCtRT/YUuhyYDujIQ=="],

    "lodash.pick": ["lodash.pick@4.4.0", "", {}, "sha512-hXt6Ul/5yWjfklSGvLQl8vM//l3FtyHZeuelpzK6mm99pNvN9yTDruNZPEJZD1oWrqo+izBmB7oUfWgcCX7s4Q=="],

    "lodash.reduce": ["lodash.reduce@4.6.0", "", {}, "sha512-6raRe2vxCYBhpBu+B+TtNGUzah+hQjVdu3E17wfusjyrXBka2nBS8OH/gjVZ5PvHOhWmIZTYri09Z6n/QfnNMw=="],

    "lodash.reject": ["lodash.reject@4.6.0", "", {}, "sha512-qkTuvgEzYdyhiJBx42YPzPo71R1aEr0z79kAv7Ixg8wPFEjgRgJdUsGMG3Hf3OYSF/kHI79XhNlt+5Ar6OzwxQ=="],

    "lodash.some": ["lodash.some@4.6.0", "", {}, "sha512-j7MJE+TuT51q9ggt4fSgVqro163BEFjAt3u97IqU+JA2DkWl80nFTrowzLpZ/BnpN7rrl0JA/593NAdd8p/scQ=="],

    "loggly": ["loggly@0.3.11", "", { "dependencies": { "request": "2.9.x", "timespan": "2.x.x" } }, "sha512-WJBj6ymTQ2R8q7kSzz9quU0CfA2xtk88Ab3U3DzPSDs+W+LSCK/B9cEjh5oR+k5qjVgNAzs21rJxfDoyAX9gRw=="],

    "lru-cache": ["lru-cache@2.7.3", "", {}, "sha512-WpibWJ60c3AgAz8a2iYErDrcT2C7OmKnsWhIcHOjkUHFjkXncJhtLxNSqUmxRxRunpb5I8Vprd7aNSd2NtksJQ=="],

    "make-iterator": ["make-iterator@1.0.1", "", { "dependencies": { "kind-of": "^6.0.2" } }, "sha512-pxiuXh0iVEq7VM7KMIhs5gxsfxCux2URptUQaXo4iZZJxBAzTPOLE2BumO5dbfVYq/hBJFBR/a1mFDmOx5AGmw=="],

    "map-cache": ["map-cache@0.2.2", "", {}, "sha512-8y/eV9QQZCiyn1SprXSrCmqJN0yNRATe+PO8ztwqrvrbdRLA3eYJF0yaR0YayLWkMbsQSKWS9N2gPcGEc4UsZg=="],

    "micromatch": ["micromatch@4.0.8", "", { "dependencies": { "braces": "^3.0.3", "picomatch": "^2.3.1" } }, "sha512-PXwfBhYu0hBCPw8Dn0E+WDYb7af3dSLVWKi3HGv84IdF4TyFoC0ysxFd0Goxw7nSv4T/PzEJQxsYsEiFCKo2BA=="],

    "minimatch": ["minimatch@0.2.14", "", { "dependencies": { "lru-cache": "2", "sigmund": "~1.0.0" } }, "sha512-zZ+Jy8lVWlvqqeM8iZB7w7KmQkoJn8djM585z88rywrEbzoqawVa9FR5p2hwD+y74nfuKOjmNvi9gtWJNLqHvA=="],

    "ng-file-upload": ["ng-file-upload@12.2.13", "", {}, "sha512-YFjxwmVcNssYc8hq8eCbtYSliPnrObozSZRC9yg4GoDtI0xGKUeHgEcOh+nsMF/9cTzMB/lQZAYdf29oyQgF0g=="],

    "ng-idle": ["ng-idle@1.3.2", "", { "dependencies": { "angular": "^1.2.0" } }, "sha512-2rdaFiZpvZGbx900p0YECRGMU6+VuntgK8nWEaOAo5l/Q5xgCfzEmMnCrO5Tewoh8xMSqdqVccr9DFzOqG5MRg=="],

    "nopt": ["nopt@5.0.0", "", { "dependencies": { "abbrev": "1" }, "bin": { "nopt": "bin/nopt.js" } }, "sha512-Tbj67rffqceeLpcRXrT7vKAN8CwfPeIBgM7E6iBkmKLV7bEMwpGgYLGv0jACUsECaa/vuxP0IjEont6umdMgtQ=="],

    "nth-check": ["nth-check@1.0.2", "", { "dependencies": { "boolbase": "~1.0.0" } }, "sha512-WeBOdju8SnzPN5vTUJYxYUxLeXpCaVP5i5e0LF8fg7WORF2Wd7wFX/pk0tYZk7s8T+J7VLy0Da6J1+wCT0AtHg=="],

    "object.defaults": ["object.defaults@1.1.0", "", { "dependencies": { "array-each": "^1.0.1", "array-slice": "^1.0.0", "for-own": "^1.0.0", "isobject": "^3.0.0" } }, "sha512-c/K0mw/F11k4dEUBMW8naXUuBuhxRCfG7W+yFy8EcijU/rSmazOUd1XAEEe6bC0OuXY4HUKjTJv7xbxIMqdxrA=="],

    "object.map": ["object.map@1.0.1", "", { "dependencies": { "for-own": "^1.0.0", "make-iterator": "^1.0.0" } }, "sha512-3+mAJu2PLfnSVGHwIWubpOFLscJANBKuB/6A4CxBstc4aqwQY0FWcsppuy4jU5GSB95yES5JHSI+33AWuS4k6w=="],

    "object.pick": ["object.pick@1.3.0", "", { "dependencies": { "isobject": "^3.0.1" } }, "sha512-tqa/UMy/CCoYmj+H5qc07qvSL9dqcs/WZENZ1JbtWBlATP+iVOe778gE6MSijnyCnORzDuX6hU+LA4SZ09YjFQ=="],

    "parse-filepath": ["parse-filepath@1.0.2", "", { "dependencies": { "is-absolute": "^1.0.0", "map-cache": "^0.2.0", "path-root": "^0.1.1" } }, "sha512-FwdRXKCohSVeXqwtYonZTXtbGJKrn+HNyWDYVcp5yuJlesTwNH4rsmRZ+GrKAPJ5bLpRxESMeS+Rl0VCHRvB2Q=="],

    "parse-passwd": ["parse-passwd@1.0.0", "", {}, "sha512-1Y1A//QUXEZK7YKz+rD9WydcE1+EuPr6ZBgKecAB8tmoW6UFv0NREVJe1p+jRxtThkcbbKkfwIbWJe/IeE6m2Q=="],

    "path-parse": ["path-parse@1.0.7", "", {}, "sha512-LDJzPVEEEPR+y48z93A0Ed0yXb8pAByGWo/k5YYdYgpY2/2EsOsksJrq7lOHxryrVOn1ejG6oAp8ahvOIQD8sw=="],

    "path-root": ["path-root@0.1.1", "", { "dependencies": { "path-root-regex": "^0.1.0" } }, "sha512-QLcPegTHF11axjfojBIoDygmS2E3Lf+8+jI6wOVmNVenrKSo3mFdSGiIgdSHenczw3wPtlVMQaFVwGmM7BJdtg=="],

    "path-root-regex": ["path-root-regex@0.1.2", "", {}, "sha512-4GlJ6rZDhQZFE0DPVKh0e9jmZ5egZfxTkp7bcRDuPlJXbAwhxcl2dINPUAsjLdejqaLsCeg8axcLjIbvBjN4pQ=="],

    "picomatch": ["picomatch@2.3.1", "", {}, "sha512-JU3teHTNjmE2VCGFzuY8EXzCDVwEqB2a8fsIvwaStHhAWJEeVd1o1QD80CU6+ZdEXXSLbSsuLwJjkCBWqRQUVA=="],

    "pkginfo": ["pkginfo@0.4.1", "", {}, "sha512-8xCNE/aT/EXKenuMDZ+xTVwkT8gsoHN2z/Q29l80u0ppGEXVvsKRzNMbtKhg8LS8k1tJLAHHylf6p4VFmP6XUQ=="],

    "pofile": ["pofile@1.0.11", "", {}, "sha512-Vy9eH1dRD9wHjYt/QqXcTz+RnX/zg53xK+KljFSX30PvdDMb2z+c6uDUeblUGqqJgz3QFsdlA0IJvHziPmWtQg=="],

    "prompt": ["prompt@0.1.12", "", { "dependencies": { "async": "0.1.x", "colors": "0.x.x", "pkginfo": "0.x.x", "winston": "0.5.x" } }, "sha512-xBp7idwXO6tda/j0ucpcw610VIv8oNAJKRWm1Xtf/QxLilkeMZV6BCd2p4QNeOgXk6w2cT5cFqmKHdFLRNczZA=="],

    "readable-stream": ["readable-stream@3.6.2", "", { "dependencies": { "inherits": "^2.0.3", "string_decoder": "^1.1.1", "util-deprecate": "^1.0.1" } }, "sha512-9u/sniCrY3D5WdsERHzHE4G2YCXqoG5FTHUiCC4SIbr6XcLZBY05ya9EKjYek9O5xOAwjGq+1JdGBAS7Q9ScoA=="],

    "rechoir": ["rechoir@0.7.1", "", { "dependencies": { "resolve": "^1.9.0" } }, "sha512-/njmZ8s1wVeR6pjTZ+0nCnv8SpZNRMT2D1RLOJQESlYFDBvwpTA4KWJpZ+sBJ4+vhjILRcK7JIFdGCdxEAAitg=="],

    "request": ["request@2.9.203", "", {}, "sha512-OWtna9w7yRI/gcfu3VaURgIwE1FHgbz5+fHGQ9GJTHcJ4+uvHnDjXd+N7mVDOv5+1fp1CRPzUSY2wcM345Z2Fw=="],

    "resolve": ["resolve@1.22.11", "", { "dependencies": { "is-core-module": "^2.16.1", "path-parse": "^1.0.7", "supports-preserve-symlinks-flag": "^1.0.0" }, "bin": { "resolve": "bin/resolve" } }, "sha512-RfqAvLnMl313r7c9oclB1HhUEAezcpLjz95wFH4LVuhk9JF/r22qmVP9AMmOU4vMX7Q8pN8jwNg/CSpdFnMjTQ=="],

    "resolve-dir": ["resolve-dir@1.0.1", "", { "dependencies": { "expand-tilde": "^2.0.0", "global-modules": "^1.0.0" } }, "sha512-R7uiTjECzvOsWSfdM0QKFNBVFcK27aHOUwdvK53BcW8zqnGdYp0Fbj82cy54+2A4P2tFM22J5kRfe1R+lM/1yg=="],

    "rimraf": ["rimraf@2.2.8", "", { "bin": { "rimraf": "./bin.js" } }, "sha512-R5KMKHnPAQaZMqLOsyuyUmcIjSeDm+73eoqQpaXA7AZ22BL+6C+1mcUscgOsNd8WVlJuvlgAPsegcx7pjlV0Dg=="],

    "safe-buffer": ["safe-buffer@5.2.1", "", {}, "sha512-rp3So07KcdmmKbGvgaNxQSJr7bGVSVk5S9Eq1F+ppbRo70+YeaDxkw5Dd8NPN+GD6bjnYm2VuPuCXmpuYvmCXQ=="],

    "semver": ["semver@1.0.14", "", { "bin": { "semver": "./bin/semver" } }, "sha512-edb8Hl6pnVrKQauQHTqQkRlpZB5RZ/pEe2ir3C3Ztdst0qIayag31dSLsxexLRe80NiWkCffTF5MB7XrGydhSQ=="],

    "sigmund": ["sigmund@1.0.1", "", {}, "sha512-fCvEXfh6NWpm+YSuY2bpXb/VIihqWA6hLsgboC+0nl71Q7N7o2eaCW8mJa/NLvQhs6jpd3VZV4UiUQlV6+lc8g=="],

    "stack-trace": ["stack-trace@0.0.10", "", {}, "sha512-KGzahc7puUKkzyMt+IqAep+TVNbKP+k2Lmwhub39m1AsTSkaDutx56aDCo+HLDzf/D26BIHTJWNiTG1KAJiQCg=="],

    "string_decoder": ["string_decoder@1.3.0", "", { "dependencies": { "safe-buffer": "~5.2.0" } }, "sha512-hkRX8U1WjJFd8LsDJ2yQ/wWWxaopEsABU1XfkM8A+j0+85JAGppt16cr1Whg6KIbb4okU6Mql6BOj+uup/wKeA=="],

    "supports-preserve-symlinks-flag": ["supports-preserve-symlinks-flag@1.0.0", "", {}, "sha512-ot0WnXS9fgdkgIcePe6RHNk1WA8+muPa6cSjeR3V8K27q9BB1rTE3R1p7Hv0z1ZyAc8s6Vvv8DIyWf681MAt0w=="],

    "timespan": ["timespan@2.3.0", "", {}, "sha512-0Jq9+58T2wbOyLth0EU+AUb6JMGCLaTWIykJFa7hyAybjVH9gpVMTfUAwo5fWAvtFt2Tjh/Elg8JtgNpnMnM8g=="],

    "to-regex-range": ["to-regex-range@5.0.1", "", { "dependencies": { "is-number": "^7.0.0" } }, "sha512-65P7iz6X5yEr1cwcgvQxbbIw7Uk3gOy5dIdtZ4rDveLqhrdJP+Li/Hx6tyK0NEb+2GCyneCMJiGqrADCSNk8sQ=="],

    "unc-path-regex": ["unc-path-regex@0.1.2", "", {}, "sha512-eXL4nmJT7oCpkZsHZUOJo8hcX3GbsiDOa0Qu9F646fi8dT3XuSVopVqAcEiVzSKKH7UoDti23wNX3qGFxcW5Qg=="],

    "underscore": ["underscore@1.7.0", "", {}, "sha512-cp0oQQyZhUM1kpJDLdGO1jPZHgS/MpzoWYfe9+CM2h/QGDZlqwT2T3YGukuBdaNJ/CAPoeyAZRRHz8JFo176vA=="],

    "underscore.string": ["underscore.string@2.2.1", "", {}, "sha512-3FVmhXqelrj6gfgp3Bn6tOavJvW0dNH2T+heTD38JRxIrAbiuzbqjknszoOYj3DyFB1nWiLj208Qt2no/L4cIA=="],

    "util-deprecate": ["util-deprecate@1.0.2", "", {}, "sha512-EPD5q1uXyFxJpCrLnCc1nHnq3gOa6DZBocAIiI2TaSCA7VCJ1UJDMagCzIkXNsUYfD1daK//LTEQ8xiIbrHtcw=="],

    "v8flags": ["v8flags@4.0.1", "", {}, "sha512-fcRLaS4H/hrZk9hYwbdRM35D0U8IYMfEClhXxCivOojl+yTRAZH3Zy2sSy6qVCiGbV9YAtPssP6jaChqC9vPCg=="],

    "which": ["which@1.0.9", "", { "bin": { "which": "./bin/which" } }, "sha512-E87fdQ/eRJr9W1X4wTPejNy9zTW3FI2vpCZSJ/HAY+TkjKVC0TUm1jk6vn2Z7qay0DQy0+RBGdXxj+RmmiGZKQ=="],

    "winston": ["winston@0.5.11", "", { "dependencies": { "async": "0.1.x", "colors": "0.x.x", "eyes": "0.1.x", "loggly": "0.3.x >=0.3.7", "pkginfo": "0.2.x", "stack-trace": "0.0.x" } }, "sha512-FMT2tIMlKTEU5v3fHDKH2yI2vyTp6vh+6hxWmjYhkrLzZyoA+Jb/Eswg3bD+oKLFfms66TP6hCfYYVbZHpRJWQ=="],

    "angular-gettext-tools/lodash": ["lodash@4.17.21", "", {}, "sha512-v2kDEe57lecTulaDIuNTPy3Ry4gLGJ6Z1O3vE1krgXZNrsQ+LFTGHVxVjcXPs17LhbZVGedAJv8XZ1tvj5FvSg=="],

    "argparse/underscore.string": ["underscore.string@2.4.0", "", {}, "sha512-yxkabuCaIBnzfIvX3kBxQqCs0ar/bfJwDnFEHJUm/ZrRVhT3IItdRF5cZjARLzEnyQYtIUhsZ2LG2j3HidFOFQ=="],

    "findup-sync/glob": ["glob@3.2.11", "", { "dependencies": { "inherits": "2", "minimatch": "0.3" } }, "sha512-hVb0zwEZwC1FXSKRPFTeOtN7AArJcJlI6ULGLtrstaswKNlrTJqAA+1lYlSUop4vjA423xlBzqfVS3iWGlqJ+g=="],

    "global-prefix/which": ["which@1.3.1", "", { "dependencies": { "isexe": "^2.0.0" }, "bin": { "which": "./bin/which" } }, "sha512-HxJdYWq1MTIQbJ3nw0cqssHoTNU267KlrDuGZ1WYlxDStUtKUhOaJmh112/TZmHxxUfuJqPXSOm7tDyas0OSIQ=="],

    "grunt/async": ["async@0.1.22", "", {}, "sha512-2tEzliJmf5fHNafNwQLJXUasGzQCVctvsNkXmnlELHwypU0p08/rHohYvkqKIjyXpx+0rkrYv6QbhJ+UF4QkBg=="],

    "grunt/lodash": ["lodash@0.9.2", "", {}, "sha512-LVbt/rjK62gSbhehDVKL0vlaime4Y1IBixL+bKeNfoY4L2zab/jGrxU6Ka05tMA/zBxkTk5t3ivtphdyYupczw=="],

    "grunt/nopt": ["nopt@1.0.10", "", { "dependencies": { "abbrev": "1" }, "bin": { "nopt": "./bin/nopt.js" } }, "sha512-NWmpvLSqUrgrAC9HCuxEvb+PSloHpqVu+FqcO4eeF2h5qYRhA7ev6KvelyQAKtegUbC6RypJnlEOhd8vloNKYg=="],

    "grunt-legacy-log/underscore.string": ["underscore.string@2.3.3", "", {}, "sha512-hbD5MibthuDAu4yA5wxes5bzFgqd3PpBJuClbRxaNddxfdsz+qf+1kHwrGQFrmchmDHb9iNU+6EHDn8uj0xDJg=="],

    "grunt-legacy-log-utils/underscore.string": ["underscore.string@2.3.3", "", {}, "sha512-hbD5MibthuDAu4yA5wxes5bzFgqd3PpBJuClbRxaNddxfdsz+qf+1kHwrGQFrmchmDHb9iNU+6EHDn8uj0xDJg=="],

    "grunt-legacy-util/async": ["async@0.1.22", "", {}, "sha512-2tEzliJmf5fHNafNwQLJXUasGzQCVctvsNkXmnlELHwypU0p08/rHohYvkqKIjyXpx+0rkrYv6QbhJ+UF4QkBg=="],

    "grunt-legacy-util/lodash": ["lodash@0.9.2", "", {}, "sha512-LVbt/rjK62gSbhehDVKL0vlaime4Y1IBixL+bKeNfoY4L2zab/jGrxU6Ka05tMA/zBxkTk5t3ivtphdyYupczw=="],

    "htmlparser2/inherits": ["inherits@2.0.4", "", {}, "sha512-k/vGaX4/Yla3WzyMCvTQOXYeIHvqOKtnqBduzTHpzpQZzAskKMhZ2K+EnBiSM9zGSoIFeMpXKxa4dYeZIQqewQ=="],

    "liftup/findup-sync": ["findup-sync@4.0.0", "", { "dependencies": { "detect-file": "^1.0.0", "is-glob": "^4.0.0", "micromatch": "^4.0.2", "resolve-dir": "^1.0.1" } }, "sha512-6jvvn/12IC4quLBL1KNokxC7wWTvYncaVUYSoxWw7YykPLuRrnv4qdHcSOywOI5RpkOVGeQRtWM8/q+G6W6qfQ=="],

    "prompt/async": ["async@0.1.22", "", {}, "sha512-2tEzliJmf5fHNafNwQLJXUasGzQCVctvsNkXmnlELHwypU0p08/rHohYvkqKIjyXpx+0rkrYv6QbhJ+UF4QkBg=="],

    "readable-stream/inherits": ["inherits@2.0.4", "", {}, "sha512-k/vGaX4/Yla3WzyMCvTQOXYeIHvqOKtnqBduzTHpzpQZzAskKMhZ2K+EnBiSM9zGSoIFeMpXKxa4dYeZIQqewQ=="],

    "winston/async": ["async@0.1.22", "", {}, "sha512-2tEzliJmf5fHNafNwQLJXUasGzQCVctvsNkXmnlELHwypU0p08/rHohYvkqKIjyXpx+0rkrYv6QbhJ+UF4QkBg=="],

    "winston/pkginfo": ["pkginfo@0.2.3", "", {}, "sha512-7W7wTrE/NsY8xv/DTGjwNIyNah81EQH0MWcTzrHL6pOpMocOGZc0Mbdz9aXxSrp+U0mSmkU8jrNCDCfUs3sOBg=="],

    "findup-sync/glob/inherits": ["inherits@2.0.4", "", {}, "sha512-k/vGaX4/Yla3WzyMCvTQOXYeIHvqOKtnqBduzTHpzpQZzAskKMhZ2K+EnBiSM9zGSoIFeMpXKxa4dYeZIQqewQ=="],

    "findup-sync/glob/minimatch": ["minimatch@0.3.0", "", { "dependencies": { "lru-cache": "2", "sigmund": "~1.0.0" } }, "sha512-WFX1jI1AaxNTZVOHLBVazwTWKaQjoykSzCBNXB72vDTCzopQGtyP91tKdFK5cv1+qMwPyiTu1HqUriqplI8pcA=="],
  }
}
